
Microsoft Visual Studio Solution File, Format Version 12.00
# Visual Studio Version 16
VisualStudioVersion = 16.0.32602.290
MinimumVisualStudioVersion = 10.0.40219.1
Project("{FAE04EC0-301F-11D3-BF4B-00C04F79EFBC}") = "Tema2-Opacidad", "Tema2-Opacidad.csproj", "{60298353-EC00-445A-ADA5-06B6D9FAEC22}"
EndProject
Global
	GlobalSection(SolutionConfigurationPlatforms) = preSolution
		Debug|Any CPU = Debug|Any CPU
		Release|Any CPU = Release|Any CPU
	EndGlobalSection
	GlobalSection(ProjectConfigurationPlatforms) = postSolution
		{60298353-EC00-445A-ADA5-06B6D9FAEC22}.Debug|Any CPU.ActiveCfg = Debug|Any CPU
		{60298353-EC00-445A-ADA5-06B6D9FAEC22}.Debug|Any CPU.Build.0 = Debug|Any CPU
		{60298353-EC00-445A-ADA5-06B6D9FAEC22}.Release|Any CPU.ActiveCfg = Release|Any CPU
		{60298353-EC00-445A-ADA5-06B6D9FAEC22}.Release|Any CPU.Build.0 = Release|Any CPU
	EndGlobalSection
	GlobalSection(SolutionProperties) = preSolution
		HideSolutionNode = FALSE
	EndGlobalSection
	GlobalSection(ExtensibilityGlobals) = postSolution
		SolutionGuid = {19A7F4D9-FC94-4E6C-97CD-D0352FD516CD}
	EndGlobalSection
EndGlobal
